# This file is autogenerated, do not edit; changes may be undone by the next 'dep ensure'.


[[projects]]
  digest = "1:b39cf81d5f440b9c0757a25058432d33af867e5201109bf53621356d9dab4b73"
  name = "github.com/apache/thrift"
  packages = ["lib/go/thrift"]
  pruneopts = "UT"
  revision = "384647d290e2e4a55a14b1b7ef1b7e66293a2c33"
  version = "v0.12.0"

[[projects]]
  digest = "1:8297b73f5c59134c05df9c139966e79df585d869c9b5dd7493abcdfa6b964bf7"
  name = "github.com/astaxie/beego"
  packages = [
    ".",
    "config",
    "context",
    "context/param",
    "grace",
    "logs",
    "session",
    "toolbox",
    "utils",
  ]
  pruneopts = "UT"
  revision = "bf5c5626ab429e66d88602e1ab1ab5fbf4629a01"
  version = "v1.9.2"

[[projects]]
  branch = "master"
  digest = "1:52161b7d48daeca4efc8b71e4a00c1fa9ae80e06f1461491d7c938812e1ac812"
  name = "github.com/beltran/gosasl"
  packages = ["."]
  pruneopts = "UT"
  revision = "8455609e065ade78a417f71e11659ea658dede3a"

[[projects]]
  branch = "compile_mac"
  digest = "1:160e1a5fd0ad0ab45b8436c367432d7ab36b874c3d49501a7adfa81ea54faa77"
  name = "github.com/beltran/gssapi"
  packages = ["."]
  pruneopts = "UT"
  revision = "598f9f3b287808b0e16f37ebfad6c1bd09737a67"

[[projects]]
  branch = "master"
  digest = "1:ef0a6241b14527f086bf6696766072e6797c5b401e32ce371af0dc852ab9974c"
  name = "github.com/koblas/impalathing"
  packages = [
    ".",
    "services/beeswax",
    "services/cli_service",
    "services/fb303",
    "services/hive_metastore",
    "services/impalaservice",
    "services/status",
  ]
  pruneopts = "UT"
  revision = "124a62ce00ede9b6a7378f816129083f54d1164d"

[solve-meta]
  analyzer-name = "dep"
  analyzer-version = 1
  input-imports = [
    "github.com/astaxie/beego",
    "github.com/koblas/impalathing",
  ]
  solver-name = "gps-cdcl"
  solver-version = 1
